Microsoft Visual Studio Solution File, Format Version 11.00
# Visual Studio 2008

Project("{4DEBFDB2-3BF1-3D11-084B-5F6F42F93B89}") = "Larry", "Assembly-CSharp-firstpass.csproj", "{CCE3AB4B-FD9A-2BD7-CE8E-F8DBC627809B}"
EndProject
Project("{4DEBFDB2-3BF1-3D11-084B-5F6F42F93B89}") = "Larry", "Assembly-CSharp.csproj", "{3D7E3D3D-5352-5F4C-5D8A-9943B9C4F4E2}"
EndProject
Project("{4DEBFDB2-3BF1-3D11-084B-5F6F42F93B89}") = "Larry", "Assembly-CSharp-Editor.csproj", "{4838587C-33DA-BABA-AAEA-249C65CA109E}"
EndProject
Project("{4DEBFDB2-3BF1-3D11-084B-5F6F42F93B89}") = "Larry", "Assembly-UnityScript-firstpass.unityproj", "{F79927F7-C791-69B0-F833-43AD82AD883D}"
EndProject
Global
	GlobalSection(SolutionConfigurationPlatforms) = preSolution
		Debug|Any CPU = Debug|Any CPU
		Release|Any CPU = Release|Any CPU
	EndGlobalSection
	GlobalSection(ProjectConfigurationPlatforms) = postSolution
		{CCE3AB4B-FD9A-2BD7-CE8E-F8DBC627809B}.Debug|Any CPU.ActiveCfg = Debug|Any CPU
		{CCE3AB4B-FD9A-2BD7-CE8E-F8DBC627809B}.Debug|Any CPU.Build.0 = Debug|Any CPU
		{CCE3AB4B-FD9A-2BD7-CE8E-F8DBC627809B}.Release|Any CPU.ActiveCfg = Release|Any CPU
		{CCE3AB4B-FD9A-2BD7-CE8E-F8DBC627809B}.Release|Any CPU.Build.0 = Release|Any CPU
		{3D7E3D3D-5352-5F4C-5D8A-9943B9C4F4E2}.Debug|Any CPU.ActiveCfg = Debug|Any CPU
		{3D7E3D3D-5352-5F4C-5D8A-9943B9C4F4E2}.Debug|Any CPU.Build.0 = Debug|Any CPU
		{3D7E3D3D-5352-5F4C-5D8A-9943B9C4F4E2}.Release|Any CPU.ActiveCfg = Release|Any CPU
		{3D7E3D3D-5352-5F4C-5D8A-9943B9C4F4E2}.Release|Any CPU.Build.0 = Release|Any CPU
		{4838587C-33DA-BABA-AAEA-249C65CA109E}.Debug|Any CPU.ActiveCfg = Debug|Any CPU
		{4838587C-33DA-BABA-AAEA-249C65CA109E}.Debug|Any CPU.Build.0 = Debug|Any CPU
		{4838587C-33DA-BABA-AAEA-249C65CA109E}.Release|Any CPU.ActiveCfg = Release|Any CPU
		{4838587C-33DA-BABA-AAEA-249C65CA109E}.Release|Any CPU.Build.0 = Release|Any CPU
		{F79927F7-C791-69B0-F833-43AD82AD883D}.Debug|Any CPU.ActiveCfg = Debug|Any CPU
		{F79927F7-C791-69B0-F833-43AD82AD883D}.Debug|Any CPU.Build.0 = Debug|Any CPU
		{F79927F7-C791-69B0-F833-43AD82AD883D}.Release|Any CPU.ActiveCfg = Release|Any CPU
		{F79927F7-C791-69B0-F833-43AD82AD883D}.Release|Any CPU.Build.0 = Release|Any CPU
	EndGlobalSection
	GlobalSection(SolutionProperties) = preSolution
		HideSolutionNode = FALSE
	EndGlobalSection
		GlobalSection(MonoDevelopProperties) = preSolution
		StartupItem = Assembly-CSharp.csproj
		Policies = $0
		$0.TextStylePolicy = $1
		$1.inheritsSet = null
		$1.scope = text/x-csharp
		$0.CSharpFormattingPolicy = $2
		$2.inheritsSet = Mono
		$2.inheritsScope = text/x-csharp
		$2.scope = text/x-csharp
		$0.TextStylePolicy = $3
		$3.FileWidth = 120
		$3.TabWidth = 4
		$3.EolMarker = Unix
		$3.inheritsSet = Mono
		$3.inheritsScope = text/plain
		$3.scope = text/plain
	EndGlobalSection

EndGlobal
